// !$*UTF8*$!
{
	archiveVersion = 1;
	classes = {
	};
	objectVersion = 50;
	objects = {

/* Begin PBXBuildFile section */
		14D2E4192231C9AC00E591B5 /* AppDelegate.swift in Sources */ = {isa = PBXBuildFile; fileRef = 14D2E4182231C9AC00E591B5 /* AppDelegate.swift */; };
		14D2E41B2231C9AC00E591B5 /* GameScene.sks in Resources */ = {isa = PBXBuildFile; fileRef = 14D2E41A2231C9AC00E591B5 /* GameScene.sks */; };
		14D2E41F2231C9AC00E591B5 /* GameScene.swift in Sources */ = {isa = PBXBuildFile; fileRef = 14D2E41E2231C9AC00E591B5 /* GameScene.swift */; };
		14D2E4212231C9AC00E591B5 /* GameViewController.swift in Sources */ = {isa = PBXBuildFile; fileRef = 14D2E4202231C9AC00E591B5 /* GameViewController.swift */; };
		14D2E4242231C9AC00E591B5 /* Main.storyboard in Resources */ = {isa = PBXBuildFile; fileRef = 14D2E4222231C9AC00E591B5 /* Main.storyboard */; };
		14D2E4262231C9AD00E591B5 /* Assets.xcassets in Resources */ = {isa = PBXBuildFile; fileRef = 14D2E4252231C9AD00E591B5 /* Assets.xcassets */; };
		14D2E4292231C9AD00E591B5 /* LaunchScreen.storyboard in Resources */ = {isa = PBXBuildFile; fileRef = 14D2E4272231C9AD00E591B5 /* LaunchScreen.storyboard */; };
		14D2E43F2231CA3000E591B5 /* whackBad.caf in Resources */ = {isa = PBXBuildFile; fileRef = 14D2E4312231CA3000E591B5 /* whackBad.caf */; };
		14D2E4402231CA3000E591B5 /* penguinGood.png in Resources */ = {isa = PBXBuildFile; fileRef = 14D2E4322231CA3000E591B5 /* penguinGood.png */; };
		14D2E4412231CA3000E591B5 /* whackMask.png in Resources */ = {isa = PBXBuildFile; fileRef = 14D2E4332231CA3000E591B5 /* whackMask.png */; };
		14D2E4422231CA3000E591B5 /* whackBackground.png in Resources */ = {isa = PBXBuildFile; fileRef = 14D2E4342231CA3000E591B5 /* whackBackground.png */; };
		14D2E4432231CA3000E591B5 /* whack.caf in Resources */ = {isa = PBXBuildFile; fileRef = 14D2E4352231CA3000E591B5 /* whack.caf */; };
		14D2E4442231CA3000E591B5 /* gameOver@2x.png in Resources */ = {isa = PBXBuildFile; fileRef = 14D2E4362231CA3000E591B5 /* gameOver@2x.png */; };
		14D2E4452231CA3000E591B5 /* whackHole.png in Resources */ = {isa = PBXBuildFile; fileRef = 14D2E4372231CA3000E591B5 /* whackHole.png */; };
		14D2E4462231CA3000E591B5 /* penguinEvil@2x.png in Resources */ = {isa = PBXBuildFile; fileRef = 14D2E4382231CA3000E591B5 /* penguinEvil@2x.png */; };
		14D2E4472231CA3000E591B5 /* whackHole@2x.png in Resources */ = {isa = PBXBuildFile; fileRef = 14D2E4392231CA3000E591B5 /* whackHole@2x.png */; };
		14D2E4482231CA3000E591B5 /* penguinEvil.png in Resources */ = {isa = PBXBuildFile; fileRef = 14D2E43A2231CA3000E591B5 /* penguinEvil.png */; };
		14D2E4492231CA3000E591B5 /* penguinGood@2x.png in Resources */ = {isa = PBXBuildFile; fileRef = 14D2E43B2231CA3000E591B5 /* penguinGood@2x.png */; };
		14D2E44A2231CA3000E591B5 /* gameOver.png in Resources */ = {isa = PBXBuildFile; fileRef = 14D2E43C2231CA3000E591B5 /* gameOver.png */; };
		14D2E44B2231CA3000E591B5 /* whackMask@2x.png in Resources */ = {isa = PBXBuildFile; fileRef = 14D2E43D2231CA3000E591B5 /* whackMask@2x.png */; };
		14D2E44C2231CA3000E591B5 /* whackBackground@2x.png in Resources */ = {isa = PBXBuildFile; fileRef = 14D2E43E2231CA3000E591B5 /* whackBackground@2x.png */; };
		14D2E44E2231CC0A00E591B5 /* WhackSlot.swift in Sources */ = {isa = PBXBuildFile; fileRef = 14D2E44D2231CC0A00E591B5 /* WhackSlot.swift */; };
/* End PBXBuildFile section */

/* Begin PBXFileReference section */
		14D2E4152231C9AC00E591B5 /* Project14.app */ = {isa = PBXFileReference; explicitFileType = wrapper.application; includeInIndex = 0; path = Project14.app; sourceTree = BUILT_PRODUCTS_DIR; };
		14D2E4182231C9AC00E591B5 /* AppDelegate.swift */ = {isa = PBXFileReference; lastKnownFileType = sourcecode.swift; path = AppDelegate.swift; sourceTree = "<group>"; };
		14D2E41A2231C9AC00E591B5 /* GameScene.sks */ = {isa = PBXFileReference; lastKnownFileType = file.sks; path = GameScene.sks; sourceTree = "<group>"; };
		14D2E41E2231C9AC00E591B5 /* GameScene.swift */ = {isa = PBXFileReference; lastKnownFileType = sourcecode.swift; path = GameScene.swift; sourceTree = "<group>"; };
		14D2E4202231C9AC00E591B5 /* GameViewController.swift */ = {isa = PBXFileReference; lastKnownFileType = sourcecode.swift; path = GameViewController.swift; sourceTree = "<group>"; };
		14D2E4232231C9AC00E591B5 /* Base */ = {isa = PBXFileReference; lastKnownFileType = file.storyboard; name = Base; path = Base.lproj/Main.storyboard; sourceTree = "<group>"; };
		14D2E4252231C9AD00E591B5 /* Assets.xcassets */ = {isa = PBXFileReference; lastKnownFileType = folder.assetcatalog; path = Assets.xcassets; sourceTree = "<group>"; };
		14D2E4282231C9AD00E591B5 /* Base */ = {isa = PBXFileReference; lastKnownFileType = file.storyboard; name = Base; path = Base.lproj/LaunchScreen.storyboard; sourceTree = "<group>"; };
		14D2E42A2231C9AD00E591B5 /* Info.plist */ = {isa = PBXFileReference; lastKnownFileType = text.plist.xml; path = Info.plist; sourceTree = "<group>"; };
		14D2E4312231CA3000E591B5 /* whackBad.caf */ = {isa = PBXFileReference; lastKnownFileType = file; path = whackBad.caf; sourceTree = "<group>"; };
		14D2E4322231CA3000E591B5 /* penguinGood.png */ = {isa = PBXFileReference; lastKnownFileType = image.png; path = penguinGood.png; sourceTree = "<group>"; };
		14D2E4332231CA3000E591B5 /* whackMask.png */ = {isa = PBXFileReference; lastKnownFileType = image.png; path = whackMask.png; sourceTree = "<group>"; };
		14D2E4342231CA3000E591B5 /* whackBackground.png */ = {isa = PBXFileReference; lastKnownFileType = image.png; path = whackBackground.png; sourceTree = "<group>"; };
		14D2E4352231CA3000E591B5 /* whack.caf */ = {isa = PBXFileReference; lastKnownFileType = file; path = whack.caf; sourceTree = "<group>"; };
		14D2E4362231CA3000E591B5 /* gameOver@2x.png */ = {isa = PBXFileReference; lastKnownFileType = image.png; path = "gameOver@2x.png"; sourceTree = "<group>"; };
		14D2E4372231CA3000E591B5 /* whackHole.png */ = {isa = PBXFileReference; lastKnownFileType = image.png; path = whackHole.png; sourceTree = "<group>"; };
		14D2E4382231CA3000E591B5 /* penguinEvil@2x.png */ = {isa = PBXFileReference; lastKnownFileType = image.png; path = "penguinEvil@2x.png"; sourceTree = "<group>"; };
		14D2E4392231CA3000E591B5 /* whackHole@2x.png */ = {isa = PBXFileReference; lastKnownFileType = image.png; path = "whackHole@2x.png"; sourceTree = "<group>"; };
		14D2E43A2231CA3000E591B5 /* penguinEvil.png */ = {isa = PBXFileReference; lastKnownFileType = image.png; path = penguinEvil.png; sourceTree = "<group>"; };
		14D2E43B2231CA3000E591B5 /* penguinGood@2x.png */ = {isa = PBXFileReference; lastKnownFileType = image.png; path = "penguinGood@2x.png"; sourceTree = "<group>"; };
		14D2E43C2231CA3000E591B5 /* gameOver.png */ = {isa = PBXFileReference; lastKnownFileType = image.png; path = gameOver.png; sourceTree = "<group>"; };
		14D2E43D2231CA3000E591B5 /* whackMask@2x.png */ = {isa = PBXFileReference; lastKnownFileType = image.png; path = "whackMask@2x.png"; sourceTree = "<group>"; };
		14D2E43E2231CA3000E591B5 /* whackBackground@2x.png */ = {isa = PBXFileReference; lastKnownFileType = image.png; path = "whackBackground@2x.png"; sourceTree = "<group>"; };
		14D2E44D2231CC0A00E591B5 /* WhackSlot.swift */ = {isa = PBXFileReference; lastKnownFileType = sourcecode.swift; path = WhackSlot.swift; sourceTree = "<group>"; };
/* End PBXFileReference section */

/* Begin PBXFrameworksBuildPhase section */
		14D2E4122231C9AC00E591B5 /* Frameworks */ = {
			isa = PBXFrameworksBuildPhase;
			buildActionMask = 2147483647;
			files = (
			);
			runOnlyForDeploymentPostprocessing = 0;
		};
/* End PBXFrameworksBuildPhase section */

/* Begin PBXGroup section */
		14D2E40C2231C9AC00E591B5 = {
			isa = PBXGroup;
			children = (
				14D2E4172231C9AC00E591B5 /* Project14 */,
				14D2E4162231C9AC00E591B5 /* Products */,
			);
			sourceTree = "<group>";
		};
		14D2E4162231C9AC00E591B5 /* Products */ = {
			isa = PBXGroup;
			children = (
				14D2E4152231C9AC00E591B5 /* Project14.app */,
			);
			name = Products;
			sourceTree = "<group>";
		};
		14D2E4172231C9AC00E591B5 /* Project14 */ = {
			isa = PBXGroup;
			children = (
				14D2E4182231C9AC00E591B5 /* AppDelegate.swift */,
				14D2E41A2231C9AC00E591B5 /* GameScene.sks */,
				14D2E41E2231C9AC00E591B5 /* GameScene.swift */,
				14D2E44D2231CC0A00E591B5 /* WhackSlot.swift */,
				14D2E4202231C9AC00E591B5 /* GameViewController.swift */,
				14D2E4222231C9AC00E591B5 /* Main.storyboard */,
				14D2E4252231C9AD00E591B5 /* Assets.xcassets */,
				14D2E4272231C9AD00E591B5 /* LaunchScreen.storyboard */,
				14D2E42A2231C9AD00E591B5 /* Info.plist */,
				14D2E4302231CA3000E591B5 /* Content */,
			);
			path = Project14;
			sourceTree = "<group>";
		};
		14D2E4302231CA3000E591B5 /* Content */ = {
			isa = PBXGroup;
			children = (
				14D2E4312231CA3000E591B5 /* whackBad.caf */,
				14D2E4322231CA3000E591B5 /* penguinGood.png */,
				14D2E4332231CA3000E591B5 /* whackMask.png */,
				14D2E4342231CA3000E591B5 /* whackBackground.png */,
				14D2E4352231CA3000E591B5 /* whack.caf */,
				14D2E4362231CA3000E591B5 /* gameOver@2x.png */,
				14D2E4372231CA3000E591B5 /* whackHole.png */,
				14D2E4382231CA3000E591B5 /* penguinEvil@2x.png */,
				14D2E4392231CA3000E591B5 /* whackHole@2x.png */,
				14D2E43A2231CA3000E591B5 /* penguinEvil.png */,
				14D2E43B2231CA3000E591B5 /* penguinGood@2x.png */,
				14D2E43C2231CA3000E591B5 /* gameOver.png */,
				14D2E43D2231CA3000E591B5 /* whackMask@2x.png */,
				14D2E43E2231CA3000E591B5 /* whackBackground@2x.png */,
			);
			path = Content;
			sourceTree = "<group>";
		};
/* End PBXGroup section */

/* Begin PBXNativeTarget section */
		14D2E4142231C9AC00E591B5 /* Project14 */ = {
			isa = PBXNativeTarget;
			buildConfigurationList = 14D2E42D2231C9AD00E591B5 /* Build configuration list for PBXNativeTarget "Project14" */;
			buildPhases = (
				14D2E4112231C9AC00E591B5 /* Sources */,
				14D2E4122231C9AC00E591B5 /* Frameworks */,
				14D2E4132231C9AC00E591B5 /* Resources */,
			);
			buildRules = (
			);
			dependencies = (
			);
			name = Project14;
			productName = Project14;
			productReference = 14D2E4152231C9AC00E591B5 /* Project14.app */;
			productType = "com.apple.product-type.application";
		};
/* End PBXNativeTarget section */

/* Begin PBXProject section */
		14D2E40D2231C9AC00E591B5 /* Project object */ = {
			isa = PBXProject;
			attributes = {
				LastSwiftUpdateCheck = 1010;
				LastUpgradeCheck = 1010;
				ORGANIZATIONNAME = seanzi86;
				TargetAttributes = {
					14D2E4142231C9AC00E591B5 = {
						CreatedOnToolsVersion = 10.1;
					};
				};
			};
			buildConfigurationList = 14D2E4102231C9AC00E591B5 /* Build configuration list for PBXProject "Project14" */;
			compatibilityVersion = "Xcode 9.3";
			developmentRegion = en;
			hasScannedForEncodings = 0;
			knownRegions = (
				en,
				Base,
			);
			mainGroup = 14D2E40C2231C9AC00E591B5;
			productRefGroup = 14D2E4162231C9AC00E591B5 /* Products */;
			projectDirPath = "";
			projectRoot = "";
			targets = (
				14D2E4142231C9AC00E591B5 /* Project14 */,
			);
		};
/* End PBXProject section */

/* Begin PBXResourcesBuildPhase section */
		14D2E4132231C9AC00E591B5 /* Resources */ = {
			isa = PBXResourcesBuildPhase;
			buildActionMask = 2147483647;
			files = (
				14D2E43F2231CA3000E591B5 /* whackBad.caf in Resources */,
				14D2E4242231C9AC00E591B5 /* Main.storyboard in Resources */,
				14D2E4472231CA3000E591B5 /* whackHole@2x.png in Resources */,
				14D2E4492231CA3000E591B5 /* penguinGood@2x.png in Resources */,
				14D2E4432231CA3000E591B5 /* whack.caf in Resources */,
				14D2E44A2231CA3000E591B5 /* gameOver.png in Resources */,
				14D2E41B2231C9AC00E591B5 /* GameScene.sks in Resources */,
				14D2E4442231CA3000E591B5 /* gameOver@2x.png in Resources */,
				14D2E4262231C9AD00E591B5 /* Assets.xcassets in Resources */,
				14D2E4422231CA3000E591B5 /* whackBackground.png in Resources */,
				14D2E4452231CA3000E591B5 /* whackHole.png in Resources */,
				14D2E44C2231CA3000E591B5 /* whackBackground@2x.png in Resources */,
				14D2E4412231CA3000E591B5 /* whackMask.png in Resources */,
				14D2E4462231CA3000E591B5 /* penguinEvil@2x.png in Resources */,
				14D2E4292231C9AD00E591B5 /* LaunchScreen.storyboard in Resources */,
				14D2E4482231CA3000E591B5 /* penguinEvil.png in Resources */,
				14D2E4402231CA3000E591B5 /* penguinGood.png in Resources */,
				14D2E44B2231CA3000E591B5 /* whackMask@2x.png in Resources */,
			);
			runOnlyForDeploymentPostprocessing = 0;
		};
/* End PBXResourcesBuildPhase section */

/* Begin PBXSourcesBuildPhase section */
		14D2E4112231C9AC00E591B5 /* Sources */ = {
			isa = PBXSourcesBuildPhase;
			buildActionMask = 2147483647;
			files = (
				14D2E41F2231C9AC00E591B5 /* GameScene.swift in Sources */,
				14D2E4212231C9AC00E591B5 /* GameViewController.swift in Sources */,
				14D2E44E2231CC0A00E591B5 /* WhackSlot.swift in Sources */,
				14D2E4192231C9AC00E591B5 /* AppDelegate.swift in Sources */,
			);
			runOnlyForDeploymentPostprocessing = 0;
		};
/* End PBXSourcesBuildPhase section */

/* Begin PBXVariantGroup section */
		14D2E4222231C9AC00E591B5 /* Main.storyboard */ = {
			isa = PBXVariantGroup;
			children = (
				14D2E4232231C9AC00E591B5 /* Base */,
			);
			name = Main.storyboard;
			sourceTree = "<group>";
		};
		14D2E4272231C9AD00E591B5 /* LaunchScreen.storyboard */ = {
			isa = PBXVariantGroup;
			children = (
				14D2E4282231C9AD00E591B5 /* Base */,
			);
			name = LaunchScreen.storyboard;
			sourceTree = "<group>";
		};
/* End PBXVariantGroup section */

/* Begin XCBuildConfiguration section */
		14D2E42B2231C9AD00E591B5 /* Debug */ = {
			isa = XCBuildConfiguration;
			buildSettings = {
				ALWAYS_SEARCH_USER_PATHS = NO;
				CLANG_ANALYZER_NONNULL = YES;
				CLANG_ANALYZER_NUMBER_OBJECT_CONVERSION = YES_AGGRESSIVE;
				CLANG_CXX_LANGUAGE_STANDARD = "gnu++14";
				CLANG_CXX_LIBRARY = "libc++";
				CLANG_ENABLE_MODULES = YES;
				CLANG_ENABLE_OBJC_ARC = YES;
				CLANG_ENABLE_OBJC_WEAK = YES;
				CLANG_WARN_BLOCK_CAPTURE_AUTORELEASING = YES;
				CLANG_WARN_BOOL_CONVERSION = YES;
				CLANG_WARN_COMMA = YES;
				CLANG_WARN_CONSTANT_CONVERSION = YES;
				CLANG_WARN_DEPRECATED_OBJC_IMPLEMENTATIONS = YES;
				CLANG_WARN_DIRECT_OBJC_ISA_USAGE = YES_ERROR;
				CLANG_WARN_DOCUMENTATION_COMMENTS = YES;
				CLANG_WARN_EMPTY_BODY = YES;
				CLANG_WARN_ENUM_CONVERSION = YES;
				CLANG_WARN_INFINITE_RECURSION = YES;
				CLANG_WARN_INT_CONVERSION = YES;
				CLANG_WARN_NON_LITERAL_NULL_CONVERSION = YES;
				CLANG_WARN_OBJC_IMPLICIT_RETAIN_SELF = YES;
				CLANG_WARN_OBJC_LITERAL_CONVERSION = YES;
				CLANG_WARN_OBJC_ROOT_CLASS = YES_ERROR;
				CLANG_WARN_RANGE_LOOP_ANALYSIS = YES;
				CLANG_WARN_STRICT_PROTOTYPES = YES;
				CLANG_WARN_SUSPICIOUS_MOVE = YES;
				CLANG_WARN_UNGUARDED_AVAILABILITY = YES_AGGRESSIVE;
				CLANG_WARN_UNREACHABLE_CODE = YES;
				CLANG_WARN__DUPLICATE_METHOD_MATCH = YES;
				CODE_SIGN_IDENTITY = "iPhone Developer";
				COPY_PHASE_STRIP = NO;
				DEBUG_INFORMATION_FORMAT = dwarf;
				ENABLE_STRICT_OBJC_MSGSEND = YES;
				ENABLE_TESTABILITY = YES;
				GCC_C_LANGUAGE_STANDARD = gnu11;
				GCC_DYNAMIC_NO_PIC = NO;
				GCC_NO_COMMON_BLOCKS = YES;
				GCC_OPTIMIZATION_LEVEL = 0;
				GCC_PREPROCESSOR_DEFINITIONS = (
					"DEBUG=1",
					"$(inherited)",
				);
				GCC_WARN_64_TO_32_BIT_CONVERSION = YES;
				GCC_WARN_ABOUT_RETURN_TYPE = YES_ERROR;
				GCC_WARN_UNDECLARED_SELECTOR = YES;
				GCC_WARN_UNINITIALIZED_AUTOS = YES_AGGRESSIVE;
				GCC_WARN_UNUSED_FUNCTION = YES;
				GCC_WARN_UNUSED_VARIABLE = YES;
				IPHONEOS_DEPLOYMENT_TARGET = 12.1;
				MTL_ENABLE_DEBUG_INFO = INCLUDE_SOURCE;
				MTL_FAST_MATH = YES;
				ONLY_ACTIVE_ARCH = YES;
				SDKROOT = iphoneos;
				SWIFT_ACTIVE_COMPILATION_CONDITIONS = DEBUG;
				SWIFT_OPTIMIZATION_LEVEL = "-Onone";
			};
			name = Debug;
		};
		14D2E42C2231C9AD00E591B5 /* Release */ = {
			isa = XCBuildConfiguration;
			buildSettings = {
				ALWAYS_SEARCH_USER_PATHS = NO;
				CLANG_ANALYZER_NONNULL = YES;
				CLANG_ANALYZER_NUMBER_OBJECT_CONVERSION = YES_AGGRESSIVE;
				CLANG_CXX_LANGUAGE_STANDARD = "gnu++14";
				CLANG_CXX_LIBRARY = "libc++";
				CLANG_ENABLE_MODULES = YES;
				CLANG_ENABLE_OBJC_ARC = YES;
				CLANG_ENABLE_OBJC_WEAK = YES;
				CLANG_WARN_BLOCK_CAPTURE_AUTORELEASING = YES;
				CLANG_WARN_BOOL_CONVERSION = YES;
				CLANG_WARN_COMMA = YES;
				CLANG_WARN_CONSTANT_CONVERSION = YES;
				CLANG_WARN_DEPRECATED_OBJC_IMPLEMENTATIONS = YES;
				CLANG_WARN_DIRECT_OBJC_ISA_USAGE = YES_ERROR;
				CLANG_WARN_DOCUMENTATION_COMMENTS = YES;
				CLANG_WARN_EMPTY_BODY = YES;
				CLANG_WARN_ENUM_CONVERSION = YES;
				CLANG_WARN_INFINITE_RECURSION = YES;
				CLANG_WARN_INT_CONVERSION = YES;
				CLANG_WARN_NON_LITERAL_NULL_CONVERSION = YES;
				CLANG_WARN_OBJC_IMPLICIT_RETAIN_SELF = YES;
				CLANG_WARN_OBJC_LITERAL_CONVERSION = YES;
				CLANG_WARN_OBJC_ROOT_CLASS = YES_ERROR;
				CLANG_WARN_RANGE_LOOP_ANALYSIS = YES;
				CLANG_WARN_STRICT_PROTOTYPES = YES;
				CLANG_WARN_SUSPICIOUS_MOVE = YES;
				CLANG_WARN_UNGUARDED_AVAILABILITY = YES_AGGRESSIVE;
				CLANG_WARN_UNREACHABLE_CODE = YES;
				CLANG_WARN__DUPLICATE_METHOD_MATCH = YES;
				CODE_SIGN_IDENTITY = "iPhone Developer";
				COPY_PHASE_STRIP = NO;
				DEBUG_INFORMATION_FORMAT = "dwarf-with-dsym";
				ENABLE_NS_ASSERTIONS = NO;
				ENABLE_STRICT_OBJC_MSGSEND = YES;
				GCC_C_LANGUAGE_STANDARD = gnu11;
				GCC_NO_COMMON_BLOCKS = YES;
				GCC_WARN_64_TO_32_BIT_CONVERSION = YES;
				GCC_WARN_ABOUT_RETURN_TYPE = YES_ERROR;
				GCC_WARN_UNDECLARED_SELECTOR = YES;
				GCC_WARN_UNINITIALIZED_AUTOS = YES_AGGRESSIVE;
				GCC_WARN_UNUSED_FUNCTION = YES;
				GCC_WARN_UNUSED_VARIABLE = YES;
				IPHONEOS_DEPLOYMENT_TARGET = 12.1;
				MTL_ENABLE_DEBUG_INFO = NO;
				MTL_FAST_MATH = YES;
				SDKROOT = iphoneos;
				SWIFT_COMPILATION_MODE = wholemodule;
				SWIFT_OPTIMIZATION_LEVEL = "-O";
				VALIDATE_PRODUCT = YES;
			};
			name = Release;
		};
		14D2E42E2231C9AD00E591B5 /* Debug */ = {
			isa = XCBuildConfiguration;
			buildSettings = {
				ASSETCATALOG_COMPILER_APPICON_NAME = AppIcon;
				CODE_SIGN_STYLE = Automatic;
				DEVELOPMENT_TEAM = M53H83FS5S;
				INFOPLIST_FILE = Project14/Info.plist;
				LD_RUNPATH_SEARCH_PATHS = (
					"$(inherited)",
					"@executable_path/Frameworks",
				);
				PRODUCT_BUNDLE_IDENTIFIER = com.seanzi86.Project14;
				PRODUCT_NAME = "$(TARGET_NAME)";
				SWIFT_VERSION = 4.2;
				TARGETED_DEVICE_FAMILY = 2;
			};
			name = Debug;
		};
		14D2E42F2231C9AD00E591B5 /* Release */ = {
			isa = XCBuildConfiguration;
			buildSettings = {
				ASSETCATALOG_COMPILER_APPICON_NAME = AppIcon;
				CODE_SIGN_STYLE = Automatic;
				DEVELOPMENT_TEAM = M53H83FS5S;
				INFOPLIST_FILE = Project14/Info.plist;
				LD_RUNPATH_SEARCH_PATHS = (
					"$(inherited)",
					"@executable_path/Frameworks",
				);
				PRODUCT_BUNDLE_IDENTIFIER = com.seanzi86.Project14;
				PRODUCT_NAME = "$(TARGET_NAME)";
				SWIFT_VERSION = 4.2;
				TARGETED_DEVICE_FAMILY = 2;
			};
			name = Release;
		};
/* End XCBuildConfiguration section */

/* Begin XCConfigurationList section */
		14D2E4102231C9AC00E591B5 /* Build configuration list for PBXProject "Project14" */ = {
			isa = XCConfigurationList;
			buildConfigurations = (
				14D2E42B2231C9AD00E591B5 /* Debug */,
				14D2E42C2231C9AD00E591B5 /* Release */,
			);
			defaultConfigurationIsVisible = 0;
			defaultConfigurationName = Release;
		};
		14D2E42D2231C9AD00E591B5 /* Build configuration list for PBXNativeTarget "Project14" */ = {
			isa = XCConfigurationList;
			buildConfigurations = (
				14D2E42E2231C9AD00E591B5 /* Debug */,
				14D2E42F2231C9AD00E591B5 /* Release */,
			);
			defaultConfigurationIsVisible = 0;
			defaultConfigurationName = Release;
		};
/* End XCConfigurationList section */
	};
	rootObject = 14D2E40D2231C9AC00E591B5 /* Project object */;
}
