// !$*UTF8*$!
{
	archiveVersion = 1;
	classes = {
	};
	objectVersion = 50;
	objects = {

/* Begin PBXBuildFile section */
		14E097B92239AA38002C7B76 /* AppDelegate.swift in Sources */ = {isa = PBXBuildFile; fileRef = 14E097B82239AA38002C7B76 /* AppDelegate.swift */; };
		14E097BB2239AA38002C7B76 /* GameScene.sks in Resources */ = {isa = PBXBuildFile; fileRef = 14E097BA2239AA38002C7B76 /* GameScene.sks */; };
		14E097BF2239AA38002C7B76 /* GameScene.swift in Sources */ = {isa = PBXBuildFile; fileRef = 14E097BE2239AA38002C7B76 /* GameScene.swift */; };
		14E097C12239AA38002C7B76 /* GameViewController.swift in Sources */ = {isa = PBXBuildFile; fileRef = 14E097C02239AA38002C7B76 /* GameViewController.swift */; };
		14E097C42239AA38002C7B76 /* Main.storyboard in Resources */ = {isa = PBXBuildFile; fileRef = 14E097C22239AA38002C7B76 /* Main.storyboard */; };
		14E097C62239AA39002C7B76 /* Assets.xcassets in Resources */ = {isa = PBXBuildFile; fileRef = 14E097C52239AA39002C7B76 /* Assets.xcassets */; };
		14E097C92239AA39002C7B76 /* LaunchScreen.storyboard in Resources */ = {isa = PBXBuildFile; fileRef = 14E097C72239AA39002C7B76 /* LaunchScreen.storyboard */; };
		14E097D82239AAAF002C7B76 /* spark.png in Resources */ = {isa = PBXBuildFile; fileRef = 14E097D12239AAAF002C7B76 /* spark.png */; };
		14E097D92239AAAF002C7B76 /* background.png in Resources */ = {isa = PBXBuildFile; fileRef = 14E097D22239AAAF002C7B76 /* background.png */; };
		14E097DA2239AAAF002C7B76 /* rocket.png in Resources */ = {isa = PBXBuildFile; fileRef = 14E097D32239AAAF002C7B76 /* rocket.png */; };
		14E097DB2239AAAF002C7B76 /* fuse.sks in Resources */ = {isa = PBXBuildFile; fileRef = 14E097D42239AAAF002C7B76 /* fuse.sks */; };
		14E097DC2239AAAF002C7B76 /* explode.sks in Resources */ = {isa = PBXBuildFile; fileRef = 14E097D52239AAAF002C7B76 /* explode.sks */; };
		14E097DD2239AAAF002C7B76 /* background@2x.png in Resources */ = {isa = PBXBuildFile; fileRef = 14E097D62239AAAF002C7B76 /* background@2x.png */; };
		14E097DE2239AAAF002C7B76 /* rocket@2x.png in Resources */ = {isa = PBXBuildFile; fileRef = 14E097D72239AAAF002C7B76 /* rocket@2x.png */; };
/* End PBXBuildFile section */

/* Begin PBXFileReference section */
		14E097B52239AA38002C7B76 /* Project20.app */ = {isa = PBXFileReference; explicitFileType = wrapper.application; includeInIndex = 0; path = Project20.app; sourceTree = BUILT_PRODUCTS_DIR; };
		14E097B82239AA38002C7B76 /* AppDelegate.swift */ = {isa = PBXFileReference; lastKnownFileType = sourcecode.swift; path = AppDelegate.swift; sourceTree = "<group>"; };
		14E097BA2239AA38002C7B76 /* GameScene.sks */ = {isa = PBXFileReference; lastKnownFileType = file.sks; path = GameScene.sks; sourceTree = "<group>"; };
		14E097BE2239AA38002C7B76 /* GameScene.swift */ = {isa = PBXFileReference; lastKnownFileType = sourcecode.swift; path = GameScene.swift; sourceTree = "<group>"; };
		14E097C02239AA38002C7B76 /* GameViewController.swift */ = {isa = PBXFileReference; lastKnownFileType = sourcecode.swift; path = GameViewController.swift; sourceTree = "<group>"; };
		14E097C32239AA38002C7B76 /* Base */ = {isa = PBXFileReference; lastKnownFileType = file.storyboard; name = Base; path = Base.lproj/Main.storyboard; sourceTree = "<group>"; };
		14E097C52239AA39002C7B76 /* Assets.xcassets */ = {isa = PBXFileReference; lastKnownFileType = folder.assetcatalog; path = Assets.xcassets; sourceTree = "<group>"; };
		14E097C82239AA39002C7B76 /* Base */ = {isa = PBXFileReference; lastKnownFileType = file.storyboard; name = Base; path = Base.lproj/LaunchScreen.storyboard; sourceTree = "<group>"; };
		14E097CA2239AA39002C7B76 /* Info.plist */ = {isa = PBXFileReference; lastKnownFileType = text.plist.xml; path = Info.plist; sourceTree = "<group>"; };
		14E097D12239AAAF002C7B76 /* spark.png */ = {isa = PBXFileReference; lastKnownFileType = image.png; path = spark.png; sourceTree = "<group>"; };
		14E097D22239AAAF002C7B76 /* background.png */ = {isa = PBXFileReference; lastKnownFileType = image.png; path = background.png; sourceTree = "<group>"; };
		14E097D32239AAAF002C7B76 /* rocket.png */ = {isa = PBXFileReference; lastKnownFileType = image.png; path = rocket.png; sourceTree = "<group>"; };
		14E097D42239AAAF002C7B76 /* fuse.sks */ = {isa = PBXFileReference; lastKnownFileType = file.sks; path = fuse.sks; sourceTree = "<group>"; };
		14E097D52239AAAF002C7B76 /* explode.sks */ = {isa = PBXFileReference; lastKnownFileType = file.sks; path = explode.sks; sourceTree = "<group>"; };
		14E097D62239AAAF002C7B76 /* background@2x.png */ = {isa = PBXFileReference; lastKnownFileType = image.png; path = "background@2x.png"; sourceTree = "<group>"; };
		14E097D72239AAAF002C7B76 /* rocket@2x.png */ = {isa = PBXFileReference; lastKnownFileType = image.png; path = "rocket@2x.png"; sourceTree = "<group>"; };
/* End PBXFileReference section */

/* Begin PBXFrameworksBuildPhase section */
		14E097B22239AA38002C7B76 /* Frameworks */ = {
			isa = PBXFrameworksBuildPhase;
			buildActionMask = 2147483647;
			files = (
			);
			runOnlyForDeploymentPostprocessing = 0;
		};
/* End PBXFrameworksBuildPhase section */

/* Begin PBXGroup section */
		14E097AC2239AA38002C7B76 = {
			isa = PBXGroup;
			children = (
				14E097B72239AA38002C7B76 /* Project20 */,
				14E097B62239AA38002C7B76 /* Products */,
			);
			sourceTree = "<group>";
		};
		14E097B62239AA38002C7B76 /* Products */ = {
			isa = PBXGroup;
			children = (
				14E097B52239AA38002C7B76 /* Project20.app */,
			);
			name = Products;
			sourceTree = "<group>";
		};
		14E097B72239AA38002C7B76 /* Project20 */ = {
			isa = PBXGroup;
			children = (
				14E097B82239AA38002C7B76 /* AppDelegate.swift */,
				14E097BA2239AA38002C7B76 /* GameScene.sks */,
				14E097BE2239AA38002C7B76 /* GameScene.swift */,
				14E097C02239AA38002C7B76 /* GameViewController.swift */,
				14E097C22239AA38002C7B76 /* Main.storyboard */,
				14E097C52239AA39002C7B76 /* Assets.xcassets */,
				14E097C72239AA39002C7B76 /* LaunchScreen.storyboard */,
				14E097CA2239AA39002C7B76 /* Info.plist */,
				14E097D02239AAAF002C7B76 /* Content */,
			);
			path = Project20;
			sourceTree = "<group>";
		};
		14E097D02239AAAF002C7B76 /* Content */ = {
			isa = PBXGroup;
			children = (
				14E097D12239AAAF002C7B76 /* spark.png */,
				14E097D22239AAAF002C7B76 /* background.png */,
				14E097D32239AAAF002C7B76 /* rocket.png */,
				14E097D42239AAAF002C7B76 /* fuse.sks */,
				14E097D52239AAAF002C7B76 /* explode.sks */,
				14E097D62239AAAF002C7B76 /* background@2x.png */,
				14E097D72239AAAF002C7B76 /* rocket@2x.png */,
			);
			path = Content;
			sourceTree = "<group>";
		};
/* End PBXGroup section */

/* Begin PBXNativeTarget section */
		14E097B42239AA38002C7B76 /* Project20 */ = {
			isa = PBXNativeTarget;
			buildConfigurationList = 14E097CD2239AA39002C7B76 /* Build configuration list for PBXNativeTarget "Project20" */;
			buildPhases = (
				14E097B12239AA38002C7B76 /* Sources */,
				14E097B22239AA38002C7B76 /* Frameworks */,
				14E097B32239AA38002C7B76 /* Resources */,
			);
			buildRules = (
			);
			dependencies = (
			);
			name = Project20;
			productName = Project20;
			productReference = 14E097B52239AA38002C7B76 /* Project20.app */;
			productType = "com.apple.product-type.application";
		};
/* End PBXNativeTarget section */

/* Begin PBXProject section */
		14E097AD2239AA38002C7B76 /* Project object */ = {
			isa = PBXProject;
			attributes = {
				LastSwiftUpdateCheck = 1010;
				LastUpgradeCheck = 1010;
				ORGANIZATIONNAME = seanzi86;
				TargetAttributes = {
					14E097B42239AA38002C7B76 = {
						CreatedOnToolsVersion = 10.1;
					};
				};
			};
			buildConfigurationList = 14E097B02239AA38002C7B76 /* Build configuration list for PBXProject "Project20" */;
			compatibilityVersion = "Xcode 9.3";
			developmentRegion = en;
			hasScannedForEncodings = 0;
			knownRegions = (
				en,
				Base,
			);
			mainGroup = 14E097AC2239AA38002C7B76;
			productRefGroup = 14E097B62239AA38002C7B76 /* Products */;
			projectDirPath = "";
			projectRoot = "";
			targets = (
				14E097B42239AA38002C7B76 /* Project20 */,
			);
		};
/* End PBXProject section */

/* Begin PBXResourcesBuildPhase section */
		14E097B32239AA38002C7B76 /* Resources */ = {
			isa = PBXResourcesBuildPhase;
			buildActionMask = 2147483647;
			files = (
				14E097DE2239AAAF002C7B76 /* rocket@2x.png in Resources */,
				14E097DA2239AAAF002C7B76 /* rocket.png in Resources */,
				14E097D82239AAAF002C7B76 /* spark.png in Resources */,
				14E097DB2239AAAF002C7B76 /* fuse.sks in Resources */,
				14E097D92239AAAF002C7B76 /* background.png in Resources */,
				14E097C42239AA38002C7B76 /* Main.storyboard in Resources */,
				14E097DC2239AAAF002C7B76 /* explode.sks in Resources */,
				14E097BB2239AA38002C7B76 /* GameScene.sks in Resources */,
				14E097C62239AA39002C7B76 /* Assets.xcassets in Resources */,
				14E097DD2239AAAF002C7B76 /* background@2x.png in Resources */,
				14E097C92239AA39002C7B76 /* LaunchScreen.storyboard in Resources */,
			);
			runOnlyForDeploymentPostprocessing = 0;
		};
/* End PBXResourcesBuildPhase section */

/* Begin PBXSourcesBuildPhase section */
		14E097B12239AA38002C7B76 /* Sources */ = {
			isa = PBXSourcesBuildPhase;
			buildActionMask = 2147483647;
			files = (
				14E097BF2239AA38002C7B76 /* GameScene.swift in Sources */,
				14E097C12239AA38002C7B76 /* GameViewController.swift in Sources */,
				14E097B92239AA38002C7B76 /* AppDelegate.swift in Sources */,
			);
			runOnlyForDeploymentPostprocessing = 0;
		};
/* End PBXSourcesBuildPhase section */

/* Begin PBXVariantGroup section */
		14E097C22239AA38002C7B76 /* Main.storyboard */ = {
			isa = PBXVariantGroup;
			children = (
				14E097C32239AA38002C7B76 /* Base */,
			);
			name = Main.storyboard;
			sourceTree = "<group>";
		};
		14E097C72239AA39002C7B76 /* LaunchScreen.storyboard */ = {
			isa = PBXVariantGroup;
			children = (
				14E097C82239AA39002C7B76 /* Base */,
			);
			name = LaunchScreen.storyboard;
			sourceTree = "<group>";
		};
/* End PBXVariantGroup section */

/* Begin XCBuildConfiguration section */
		14E097CB2239AA39002C7B76 /* Debug */ = {
			isa = XCBuildConfiguration;
			buildSettings = {
				ALWAYS_SEARCH_USER_PATHS = NO;
				CLANG_ANALYZER_NONNULL = YES;
				CLANG_ANALYZER_NUMBER_OBJECT_CONVERSION = YES_AGGRESSIVE;
				CLANG_CXX_LANGUAGE_STANDARD = "gnu++14";
				CLANG_CXX_LIBRARY = "libc++";
				CLANG_ENABLE_MODULES = YES;
				CLANG_ENABLE_OBJC_ARC = YES;
				CLANG_ENABLE_OBJC_WEAK = YES;
				CLANG_WARN_BLOCK_CAPTURE_AUTORELEASING = YES;
				CLANG_WARN_BOOL_CONVERSION = YES;
				CLANG_WARN_COMMA = YES;
				CLANG_WARN_CONSTANT_CONVERSION = YES;
				CLANG_WARN_DEPRECATED_OBJC_IMPLEMENTATIONS = YES;
				CLANG_WARN_DIRECT_OBJC_ISA_USAGE = YES_ERROR;
				CLANG_WARN_DOCUMENTATION_COMMENTS = YES;
				CLANG_WARN_EMPTY_BODY = YES;
				CLANG_WARN_ENUM_CONVERSION = YES;
				CLANG_WARN_INFINITE_RECURSION = YES;
				CLANG_WARN_INT_CONVERSION = YES;
				CLANG_WARN_NON_LITERAL_NULL_CONVERSION = YES;
				CLANG_WARN_OBJC_IMPLICIT_RETAIN_SELF = YES;
				CLANG_WARN_OBJC_LITERAL_CONVERSION = YES;
				CLANG_WARN_OBJC_ROOT_CLASS = YES_ERROR;
				CLANG_WARN_RANGE_LOOP_ANALYSIS = YES;
				CLANG_WARN_STRICT_PROTOTYPES = YES;
				CLANG_WARN_SUSPICIOUS_MOVE = YES;
				CLANG_WARN_UNGUARDED_AVAILABILITY = YES_AGGRESSIVE;
				CLANG_WARN_UNREACHABLE_CODE = YES;
				CLANG_WARN__DUPLICATE_METHOD_MATCH = YES;
				CODE_SIGN_IDENTITY = "iPhone Developer";
				COPY_PHASE_STRIP = NO;
				DEBUG_INFORMATION_FORMAT = dwarf;
				ENABLE_STRICT_OBJC_MSGSEND = YES;
				ENABLE_TESTABILITY = YES;
				GCC_C_LANGUAGE_STANDARD = gnu11;
				GCC_DYNAMIC_NO_PIC = NO;
				GCC_NO_COMMON_BLOCKS = YES;
				GCC_OPTIMIZATION_LEVEL = 0;
				GCC_PREPROCESSOR_DEFINITIONS = (
					"DEBUG=1",
					"$(inherited)",
				);
				GCC_WARN_64_TO_32_BIT_CONVERSION = YES;
				GCC_WARN_ABOUT_RETURN_TYPE = YES_ERROR;
				GCC_WARN_UNDECLARED_SELECTOR = YES;
				GCC_WARN_UNINITIALIZED_AUTOS = YES_AGGRESSIVE;
				GCC_WARN_UNUSED_FUNCTION = YES;
				GCC_WARN_UNUSED_VARIABLE = YES;
				IPHONEOS_DEPLOYMENT_TARGET = 12.1;
				MTL_ENABLE_DEBUG_INFO = INCLUDE_SOURCE;
				MTL_FAST_MATH = YES;
				ONLY_ACTIVE_ARCH = YES;
				SDKROOT = iphoneos;
				SWIFT_ACTIVE_COMPILATION_CONDITIONS = DEBUG;
				SWIFT_OPTIMIZATION_LEVEL = "-Onone";
			};
			name = Debug;
		};
		14E097CC2239AA39002C7B76 /* Release */ = {
			isa = XCBuildConfiguration;
			buildSettings = {
				ALWAYS_SEARCH_USER_PATHS = NO;
				CLANG_ANALYZER_NONNULL = YES;
				CLANG_ANALYZER_NUMBER_OBJECT_CONVERSION = YES_AGGRESSIVE;
				CLANG_CXX_LANGUAGE_STANDARD = "gnu++14";
				CLANG_CXX_LIBRARY = "libc++";
				CLANG_ENABLE_MODULES = YES;
				CLANG_ENABLE_OBJC_ARC = YES;
				CLANG_ENABLE_OBJC_WEAK = YES;
				CLANG_WARN_BLOCK_CAPTURE_AUTORELEASING = YES;
				CLANG_WARN_BOOL_CONVERSION = YES;
				CLANG_WARN_COMMA = YES;
				CLANG_WARN_CONSTANT_CONVERSION = YES;
				CLANG_WARN_DEPRECATED_OBJC_IMPLEMENTATIONS = YES;
				CLANG_WARN_DIRECT_OBJC_ISA_USAGE = YES_ERROR;
				CLANG_WARN_DOCUMENTATION_COMMENTS = YES;
				CLANG_WARN_EMPTY_BODY = YES;
				CLANG_WARN_ENUM_CONVERSION = YES;
				CLANG_WARN_INFINITE_RECURSION = YES;
				CLANG_WARN_INT_CONVERSION = YES;
				CLANG_WARN_NON_LITERAL_NULL_CONVERSION = YES;
				CLANG_WARN_OBJC_IMPLICIT_RETAIN_SELF = YES;
				CLANG_WARN_OBJC_LITERAL_CONVERSION = YES;
				CLANG_WARN_OBJC_ROOT_CLASS = YES_ERROR;
				CLANG_WARN_RANGE_LOOP_ANALYSIS = YES;
				CLANG_WARN_STRICT_PROTOTYPES = YES;
				CLANG_WARN_SUSPICIOUS_MOVE = YES;
				CLANG_WARN_UNGUARDED_AVAILABILITY = YES_AGGRESSIVE;
				CLANG_WARN_UNREACHABLE_CODE = YES;
				CLANG_WARN__DUPLICATE_METHOD_MATCH = YES;
				CODE_SIGN_IDENTITY = "iPhone Developer";
				COPY_PHASE_STRIP = NO;
				DEBUG_INFORMATION_FORMAT = "dwarf-with-dsym";
				ENABLE_NS_ASSERTIONS = NO;
				ENABLE_STRICT_OBJC_MSGSEND = YES;
				GCC_C_LANGUAGE_STANDARD = gnu11;
				GCC_NO_COMMON_BLOCKS = YES;
				GCC_WARN_64_TO_32_BIT_CONVERSION = YES;
				GCC_WARN_ABOUT_RETURN_TYPE = YES_ERROR;
				GCC_WARN_UNDECLARED_SELECTOR = YES;
				GCC_WARN_UNINITIALIZED_AUTOS = YES_AGGRESSIVE;
				GCC_WARN_UNUSED_FUNCTION = YES;
				GCC_WARN_UNUSED_VARIABLE = YES;
				IPHONEOS_DEPLOYMENT_TARGET = 12.1;
				MTL_ENABLE_DEBUG_INFO = NO;
				MTL_FAST_MATH = YES;
				SDKROOT = iphoneos;
				SWIFT_COMPILATION_MODE = wholemodule;
				SWIFT_OPTIMIZATION_LEVEL = "-O";
				VALIDATE_PRODUCT = YES;
			};
			name = Release;
		};
		14E097CE2239AA39002C7B76 /* Debug */ = {
			isa = XCBuildConfiguration;
			buildSettings = {
				ASSETCATALOG_COMPILER_APPICON_NAME = AppIcon;
				CODE_SIGN_IDENTITY = "iPhone Developer";
				CODE_SIGN_STYLE = Automatic;
				DEVELOPMENT_TEAM = M53H83FS5S;
				INFOPLIST_FILE = Project20/Info.plist;
				LD_RUNPATH_SEARCH_PATHS = (
					"$(inherited)",
					"@executable_path/Frameworks",
				);
				PRODUCT_BUNDLE_IDENTIFIER = com.seanzi86.Project20;
				PRODUCT_NAME = "$(TARGET_NAME)";
				PROVISIONING_PROFILE_SPECIFIER = "";
				SWIFT_VERSION = 4.2;
				TARGETED_DEVICE_FAMILY = 2;
			};
			name = Debug;
		};
		14E097CF2239AA39002C7B76 /* Release */ = {
			isa = XCBuildConfiguration;
			buildSettings = {
				ASSETCATALOG_COMPILER_APPICON_NAME = AppIcon;
				CODE_SIGN_IDENTITY = "iPhone Developer";
				CODE_SIGN_STYLE = Automatic;
				DEVELOPMENT_TEAM = M53H83FS5S;
				INFOPLIST_FILE = Project20/Info.plist;
				LD_RUNPATH_SEARCH_PATHS = (
					"$(inherited)",
					"@executable_path/Frameworks",
				);
				PRODUCT_BUNDLE_IDENTIFIER = com.seanzi86.Project20;
				PRODUCT_NAME = "$(TARGET_NAME)";
				PROVISIONING_PROFILE_SPECIFIER = "";
				SWIFT_VERSION = 4.2;
				TARGETED_DEVICE_FAMILY = 2;
			};
			name = Release;
		};
/* End XCBuildConfiguration section */

/* Begin XCConfigurationList section */
		14E097B02239AA38002C7B76 /* Build configuration list for PBXProject "Project20" */ = {
			isa = XCConfigurationList;
			buildConfigurations = (
				14E097CB2239AA39002C7B76 /* Debug */,
				14E097CC2239AA39002C7B76 /* Release */,
			);
			defaultConfigurationIsVisible = 0;
			defaultConfigurationName = Release;
		};
		14E097CD2239AA39002C7B76 /* Build configuration list for PBXNativeTarget "Project20" */ = {
			isa = XCConfigurationList;
			buildConfigurations = (
				14E097CE2239AA39002C7B76 /* Debug */,
				14E097CF2239AA39002C7B76 /* Release */,
			);
			defaultConfigurationIsVisible = 0;
			defaultConfigurationName = Release;
		};
/* End XCConfigurationList section */
	};
	rootObject = 14E097AD2239AA38002C7B76 /* Project object */;
}
